
Microsoft Visual Studio Solution File, Format Version 12.00
Project("{2150E333-8FDC-42A3-9474-1A3956D46DE8}") = "src", "src", "{103F3CAF-227B-40E8-BC96-692641EC0BAF}"
EndProject
Project("{FAE04EC0-301F-11D3-BF4B-00C04F79EFBC}") = "Ecommerce.HttpApi", "src\Ecommerce.HttpApi\Ecommerce.HttpApi.csproj", "{B0881DD2-AAE4-43C2-B93A-37E4BF4D7B98}"
EndProject
Project("{FAE04EC0-301F-11D3-BF4B-00C04F79EFBC}") = "Ecommerce.Core", "src\Ecommerce.Core\Ecommerce.Core.csproj", "{A21EA0B9-815F-4D96-973C-CE67A7D3CED6}"
EndProject
Project("{2150E333-8FDC-42A3-9474-1A3956D46DE8}") = "shared", "shared", "{56C0BA77-BE6E-4C55-813F-43C12CCF6006}"
EndProject
Project("{FAE04EC0-301F-11D3-BF4B-00C04F79EFBC}") = "Ecommerce.CredentialProvider", "shared\Ecommerce.CredentialProvider\Ecommerce.CredentialProvider.csproj", "{5D1473F1-89DA-475C-952D-54C60265788D}"
EndProject
Project("{2150E333-8FDC-42A3-9474-1A3956D46DE8}") = "Solution Items", "Solution Items", "{11F74C2C-96C5-46F5-9CDD-40B31ED53CE2}"
	ProjectSection(SolutionItems) = preProject
		dev-compose.yaml = dev-compose.yaml
	EndProjectSection
EndProject
Project("{FAE04EC0-301F-11D3-BF4B-00C04F79EFBC}") = "Ecommerce.Extensions", "shared\Ecommerce.Extensions\Ecommerce.Extensions.csproj", "{BDE9F6CB-9692-402B-B8F7-2D13DD1C67A9}"
EndProject
Project("{FAE04EC0-301F-11D3-BF4B-00C04F79EFBC}") = "Ecommerce.Persistence", "src\Ecommerce.Persistence\Ecommerce.Persistence.csproj", "{7612CF6A-2BC2-4DC1-A670-C5D75D8C2F64}"
EndProject
Project("{FAE04EC0-301F-11D3-BF4B-00C04F79EFBC}") = "Ecommerce.Infrastructure", "src\Ecommerce.Infrastructure\Ecommerce.Infrastructure.csproj", "{3E4DF89A-290E-4DFB-9E7C-CC4EB6035038}"
EndProject
Project("{FAE04EC0-301F-11D3-BF4B-00C04F79EFBC}") = "Ecommerce.Kafka", "src\Ecommerce.Kafka\Ecommerce.Kafka.csproj", "{9ED4D2EA-ED20-41B6-A0A4-068AE2917946}"
EndProject
Project("{FAE04EC0-301F-11D3-BF4B-00C04F79EFBC}") = "Ecommerce.Analytics", "src\Ecommerce.Analytics\Ecommerce.Analytics.csproj", "{4F0715D8-5692-41F5-A2CE-A0DB7E7A9D0F}"
EndProject
Global
	GlobalSection(SolutionConfigurationPlatforms) = preSolution
		Debug|Any CPU = Debug|Any CPU
		Release|Any CPU = Release|Any CPU
	EndGlobalSection
	GlobalSection(ProjectConfigurationPlatforms) = postSolution
		{B0881DD2-AAE4-43C2-B93A-37E4BF4D7B98}.Debug|Any CPU.ActiveCfg = Debug|Any CPU
		{B0881DD2-AAE4-43C2-B93A-37E4BF4D7B98}.Debug|Any CPU.Build.0 = Debug|Any CPU
		{B0881DD2-AAE4-43C2-B93A-37E4BF4D7B98}.Release|Any CPU.ActiveCfg = Release|Any CPU
		{B0881DD2-AAE4-43C2-B93A-37E4BF4D7B98}.Release|Any CPU.Build.0 = Release|Any CPU
		{A21EA0B9-815F-4D96-973C-CE67A7D3CED6}.Debug|Any CPU.ActiveCfg = Debug|Any CPU
		{A21EA0B9-815F-4D96-973C-CE67A7D3CED6}.Debug|Any CPU.Build.0 = Debug|Any CPU
		{A21EA0B9-815F-4D96-973C-CE67A7D3CED6}.Release|Any CPU.ActiveCfg = Release|Any CPU
		{A21EA0B9-815F-4D96-973C-CE67A7D3CED6}.Release|Any CPU.Build.0 = Release|Any CPU
		{5D1473F1-89DA-475C-952D-54C60265788D}.Debug|Any CPU.ActiveCfg = Debug|Any CPU
		{5D1473F1-89DA-475C-952D-54C60265788D}.Debug|Any CPU.Build.0 = Debug|Any CPU
		{5D1473F1-89DA-475C-952D-54C60265788D}.Release|Any CPU.ActiveCfg = Release|Any CPU
		{5D1473F1-89DA-475C-952D-54C60265788D}.Release|Any CPU.Build.0 = Release|Any CPU
		{BDE9F6CB-9692-402B-B8F7-2D13DD1C67A9}.Debug|Any CPU.ActiveCfg = Debug|Any CPU
		{BDE9F6CB-9692-402B-B8F7-2D13DD1C67A9}.Debug|Any CPU.Build.0 = Debug|Any CPU
		{BDE9F6CB-9692-402B-B8F7-2D13DD1C67A9}.Release|Any CPU.ActiveCfg = Release|Any CPU
		{BDE9F6CB-9692-402B-B8F7-2D13DD1C67A9}.Release|Any CPU.Build.0 = Release|Any CPU
		{7612CF6A-2BC2-4DC1-A670-C5D75D8C2F64}.Debug|Any CPU.ActiveCfg = Debug|Any CPU
		{7612CF6A-2BC2-4DC1-A670-C5D75D8C2F64}.Debug|Any CPU.Build.0 = Debug|Any CPU
		{7612CF6A-2BC2-4DC1-A670-C5D75D8C2F64}.Release|Any CPU.ActiveCfg = Release|Any CPU
		{7612CF6A-2BC2-4DC1-A670-C5D75D8C2F64}.Release|Any CPU.Build.0 = Release|Any CPU
		{3E4DF89A-290E-4DFB-9E7C-CC4EB6035038}.Debug|Any CPU.ActiveCfg = Debug|Any CPU
		{3E4DF89A-290E-4DFB-9E7C-CC4EB6035038}.Debug|Any CPU.Build.0 = Debug|Any CPU
		{3E4DF89A-290E-4DFB-9E7C-CC4EB6035038}.Release|Any CPU.ActiveCfg = Release|Any CPU
		{3E4DF89A-290E-4DFB-9E7C-CC4EB6035038}.Release|Any CPU.Build.0 = Release|Any CPU
		{9ED4D2EA-ED20-41B6-A0A4-068AE2917946}.Debug|Any CPU.ActiveCfg = Debug|Any CPU
		{9ED4D2EA-ED20-41B6-A0A4-068AE2917946}.Debug|Any CPU.Build.0 = Debug|Any CPU
		{9ED4D2EA-ED20-41B6-A0A4-068AE2917946}.Release|Any CPU.ActiveCfg = Release|Any CPU
		{9ED4D2EA-ED20-41B6-A0A4-068AE2917946}.Release|Any CPU.Build.0 = Release|Any CPU
		{4F0715D8-5692-41F5-A2CE-A0DB7E7A9D0F}.Debug|Any CPU.ActiveCfg = Debug|Any CPU
		{4F0715D8-5692-41F5-A2CE-A0DB7E7A9D0F}.Debug|Any CPU.Build.0 = Debug|Any CPU
		{4F0715D8-5692-41F5-A2CE-A0DB7E7A9D0F}.Release|Any CPU.ActiveCfg = Release|Any CPU
		{4F0715D8-5692-41F5-A2CE-A0DB7E7A9D0F}.Release|Any CPU.Build.0 = Release|Any CPU
	EndGlobalSection
	GlobalSection(NestedProjects) = preSolution
		{B0881DD2-AAE4-43C2-B93A-37E4BF4D7B98} = {103F3CAF-227B-40E8-BC96-692641EC0BAF}
		{A21EA0B9-815F-4D96-973C-CE67A7D3CED6} = {103F3CAF-227B-40E8-BC96-692641EC0BAF}
		{5D1473F1-89DA-475C-952D-54C60265788D} = {56C0BA77-BE6E-4C55-813F-43C12CCF6006}
		{BDE9F6CB-9692-402B-B8F7-2D13DD1C67A9} = {56C0BA77-BE6E-4C55-813F-43C12CCF6006}
		{7612CF6A-2BC2-4DC1-A670-C5D75D8C2F64} = {103F3CAF-227B-40E8-BC96-692641EC0BAF}
		{3E4DF89A-290E-4DFB-9E7C-CC4EB6035038} = {103F3CAF-227B-40E8-BC96-692641EC0BAF}
		{9ED4D2EA-ED20-41B6-A0A4-068AE2917946} = {103F3CAF-227B-40E8-BC96-692641EC0BAF}
		{4F0715D8-5692-41F5-A2CE-A0DB7E7A9D0F} = {103F3CAF-227B-40E8-BC96-692641EC0BAF}
	EndGlobalSection
EndGlobal
